// !$*UTF8*$!
{
	archiveVersion = 1;
	classes = {
	};
	objectVersion = 54;
	objects = {

/* Begin PBXBuildFile section */
		00E356F31AD99517003FC87E /* ImaryProjectTests.m in Sources */ = {isa = PBXBuildFile; fileRef = 00E356F21AD99517003FC87E /* ImaryProjectTests.m */; };
		13B07FBC1A68108700A75B9A /* AppDelegate.m in Sources */ = {isa = PBXBuildFile; fileRef = 13B07FB01A68108700A75B9A /* AppDelegate.m */; };
		13B07FBF1A68108700A75B9A /* Images.xcassets in Resources */ = {isa = PBXBuildFile; fileRef = 13B07FB51A68108700A75B9A /* Images.xcassets */; };
		13B07FC11A68108700A75B9A /* main.m in Sources */ = {isa = PBXBuildFile; fileRef = 13B07FB71A68108700A75B9A /* main.m */; };
		1A07A6D726CAAF1B00C4F1A6 /* WidgetKit.framework in Frameworks */ = {isa = PBXBuildFile; fileRef = 1A74CE0F26C15C9600DB26D5 /* WidgetKit.framework */; };
		1A07A6D826CAAF1B00C4F1A6 /* SwiftUI.framework in Frameworks */ = {isa = PBXBuildFile; fileRef = 1A74CE1126C15C9600DB26D5 /* SwiftUI.framework */; };
		1A07A6DB26CAAF1B00C4F1A6 /* WidgetCameraDiary.swift in Sources */ = {isa = PBXBuildFile; fileRef = 1A07A6DA26CAAF1B00C4F1A6 /* WidgetCameraDiary.swift */; };
		1A07A6DE26CAAF1D00C4F1A6 /* Assets.xcassets in Resources */ = {isa = PBXBuildFile; fileRef = 1A07A6DD26CAAF1D00C4F1A6 /* Assets.xcassets */; };
		1A07A6E026CAAF1D00C4F1A6 /* WidgetCameraDiary.intentdefinition in Sources */ = {isa = PBXBuildFile; fileRef = 1A07A6DC26CAAF1B00C4F1A6 /* WidgetCameraDiary.intentdefinition */; };
		1A07A6E126CAAF1D00C4F1A6 /* WidgetCameraDiary.intentdefinition in Sources */ = {isa = PBXBuildFile; fileRef = 1A07A6DC26CAAF1B00C4F1A6 /* WidgetCameraDiary.intentdefinition */; settings = {ATTRIBUTES = (no_codegen, ); }; };
		1A07A6E426CAAF1D00C4F1A6 /* WidgetCameraDiaryExtension.appex in Embed App Extensions */ = {isa = PBXBuildFile; fileRef = 1A07A6D626CAAF1B00C4F1A6 /* WidgetCameraDiaryExtension.appex */; settings = {ATTRIBUTES = (RemoveHeadersOnCopy, ); }; };
		1A26CE96272530C10095C520 /* Social.framework in Frameworks */ = {isa = PBXBuildFile; fileRef = 1A26CE95272530C10095C520 /* Social.framework */; };
		1A26CE98272530E00095C520 /* MessageUI.framework in Frameworks */ = {isa = PBXBuildFile; fileRef = 1A26CE97272530E00095C520 /* MessageUI.framework */; };
		1A26CE9A272531290095C520 /* libRNShare.a in Frameworks */ = {isa = PBXBuildFile; fileRef = 1A26CE99272531290095C520 /* libRNShare.a */; };
		1A733D5F26E4A8860027EB34 /* yugothic.ttf in Resources */ = {isa = PBXBuildFile; fileRef = 1A733D5E26E4A8860027EB34 /* yugothic.ttf */; };
		1A74CE1026C15C9600DB26D5 /* WidgetKit.framework in Frameworks */ = {isa = PBXBuildFile; fileRef = 1A74CE0F26C15C9600DB26D5 /* WidgetKit.framework */; };
		1A74CE1226C15C9600DB26D5 /* SwiftUI.framework in Frameworks */ = {isa = PBXBuildFile; fileRef = 1A74CE1126C15C9600DB26D5 /* SwiftUI.framework */; };
		1A74CE1826C15C9E00DB26D5 /* Assets.xcassets in Resources */ = {isa = PBXBuildFile; fileRef = 1A74CE1726C15C9E00DB26D5 /* Assets.xcassets */; };
		1A74CE1A26C15C9E00DB26D5 /* WidgetWriteDiary.intentdefinition in Sources */ = {isa = PBXBuildFile; fileRef = 1A74CE1626C15C9600DB26D5 /* WidgetWriteDiary.intentdefinition */; };
		1A74CE1E26C15C9E00DB26D5 /* WidgetWriteDiaryExtension.appex in Embed App Extensions */ = {isa = PBXBuildFile; fileRef = 1A74CE0E26C15C9600DB26D5 /* WidgetWriteDiaryExtension.appex */; settings = {ATTRIBUTES = (RemoveHeadersOnCopy, ); }; };
		1A74CECC26C165CF00DB26D5 /* WidgetWriteDiary.intentdefinition in Sources */ = {isa = PBXBuildFile; fileRef = 1A74CE1626C15C9600DB26D5 /* WidgetWriteDiary.intentdefinition */; settings = {ATTRIBUTES = (no_codegen, ); }; };
		1A929DE1274760A500AA99CA /* WidgetWriteDiary.swift in Sources */ = {isa = PBXBuildFile; fileRef = 1A74CE1426C15C9600DB26D5 /* WidgetWriteDiary.swift */; };
		1AB1646B26ABE06F008AADB7 /* GoogleService-Info.plist in Resources */ = {isa = PBXBuildFile; fileRef = 1AB1646A26ABE06F008AADB7 /* GoogleService-Info.plist */; };
		1AC6EFF826F8EB2A00F904BA /* yugothib.ttf in Resources */ = {isa = PBXBuildFile; fileRef = 1AC6EFF726F8EB2A00F904BA /* yugothib.ttf */; };
		2A106F1E27678ABB00E4282A /* CloudKit.framework in Frameworks */ = {isa = PBXBuildFile; fileRef = 2A106F1D27678ABB00E4282A /* CloudKit.framework */; };
		2A106F2227678C5600E4282A /* BackupModule.m in Sources */ = {isa = PBXBuildFile; fileRef = 2A106F2127678C5600E4282A /* BackupModule.m */; };
		2A106F2527678C7200E4282A /* BackupModuleHelper.swift in Sources */ = {isa = PBXBuildFile; fileRef = 2A106F2427678C7200E4282A /* BackupModuleHelper.swift */; };
		682D4CDFFEC663017C325636 /* libPods-ImaryProject.a in Frameworks */ = {isa = PBXBuildFile; fileRef = 7CABA3D1B341816CE88E76C3 /* libPods-ImaryProject.a */; };
		81AB9BB82411601600AC10FF /* LaunchScreen.storyboard in Resources */ = {isa = PBXBuildFile; fileRef = 81AB9BB72411601600AC10FF /* LaunchScreen.storyboard */; };
		DC00A9F9FCC5F073871276F1 /* libPods-ImaryProject-ImaryProjectTests.a in Frameworks */ = {isa = PBXBuildFile; fileRef = B72DB65309D8AA8E98564329 /* libPods-ImaryProject-ImaryProjectTests.a */; };
/* End PBXBuildFile section */

/* Begin PBXContainerItemProxy section */
		00E356F41AD99517003FC87E /* PBXContainerItemProxy */ = {
			isa = PBXContainerItemProxy;
			containerPortal = 83CBB9F71A601CBA00E9B192 /* Project object */;
			proxyType = 1;
			remoteGlobalIDString = 13B07F861A680F5B00A75B9A;
			remoteInfo = ImaryProject;
		};
		1A07A6E226CAAF1D00C4F1A6 /* PBXContainerItemProxy */ = {
			isa = PBXContainerItemProxy;
			containerPortal = 83CBB9F71A601CBA00E9B192 /* Project object */;
			proxyType = 1;
			remoteGlobalIDString = 1A07A6D526CAAF1B00C4F1A6;
			remoteInfo = WidgetCameraDiaryExtension;
		};
		1A74CE1C26C15C9E00DB26D5 /* PBXContainerItemProxy */ = {
			isa = PBXContainerItemProxy;
			containerPortal = 83CBB9F71A601CBA00E9B192 /* Project object */;
			proxyType = 1;
			remoteGlobalIDString = 1A74CE0D26C15C9600DB26D5;
			remoteInfo = WidgetWriteDiaryExtension;
		};
/* End PBXContainerItemProxy section */

/* Begin PBXCopyFilesBuildPhase section */
		1A74CE1F26C15C9E00DB26D5 /* Embed App Extensions */ = {
			isa = PBXCopyFilesBuildPhase;
			buildActionMask = 12;
			dstPath = "";
			dstSubfolderSpec = 13;
			files = (
				1A07A6E426CAAF1D00C4F1A6 /* WidgetCameraDiaryExtension.appex in Embed App Extensions */,
				1A74CE1E26C15C9E00DB26D5 /* WidgetWriteDiaryExtension.appex in Embed App Extensions */,
			);
			name = "Embed App Extensions";
			runOnlyForDeploymentPostprocessing = 0;
		};
/* End PBXCopyFilesBuildPhase section */

/* Begin PBXFileReference section */
		00E356EE1AD99517003FC87E /* ImaryProjectTests.xctest */ = {isa = PBXFileReference; explicitFileType = wrapper.cfbundle; includeInIndex = 0; path = ImaryProjectTests.xctest; sourceTree = BUILT_PRODUCTS_DIR; };
		00E356F11AD99517003FC87E /* Info.plist */ = {isa = PBXFileReference; lastKnownFileType = text.plist.xml; path = Info.plist; sourceTree = "<group>"; };
		00E356F21AD99517003FC87E /* ImaryProjectTests.m */ = {isa = PBXFileReference; lastKnownFileType = sourcecode.c.objc; path = ImaryProjectTests.m; sourceTree = "<group>"; };
		13B07F961A680F5B00A75B9A /* ImaryProject.app */ = {isa = PBXFileReference; explicitFileType = wrapper.application; includeInIndex = 0; path = ImaryProject.app; sourceTree = BUILT_PRODUCTS_DIR; };
		13B07FAF1A68108700A75B9A /* AppDelegate.h */ = {isa = PBXFileReference; fileEncoding = 4; lastKnownFileType = sourcecode.c.h; name = AppDelegate.h; path = ImaryProject/AppDelegate.h; sourceTree = "<group>"; };
		13B07FB01A68108700A75B9A /* AppDelegate.m */ = {isa = PBXFileReference; fileEncoding = 4; lastKnownFileType = sourcecode.c.objc; name = AppDelegate.m; path = ImaryProject/AppDelegate.m; sourceTree = "<group>"; };
		13B07FB51A68108700A75B9A /* Images.xcassets */ = {isa = PBXFileReference; lastKnownFileType = folder.assetcatalog; name = Images.xcassets; path = ImaryProject/Images.xcassets; sourceTree = "<group>"; };
		13B07FB61A68108700A75B9A /* Info.plist */ = {isa = PBXFileReference; fileEncoding = 4; lastKnownFileType = text.plist.xml; name = Info.plist; path = ImaryProject/Info.plist; sourceTree = "<group>"; };
		13B07FB71A68108700A75B9A /* main.m */ = {isa = PBXFileReference; fileEncoding = 4; lastKnownFileType = sourcecode.c.objc; name = main.m; path = ImaryProject/main.m; sourceTree = "<group>"; };
		1A07A6D626CAAF1B00C4F1A6 /* WidgetCameraDiaryExtension.appex */ = {isa = PBXFileReference; explicitFileType = "wrapper.app-extension"; includeInIndex = 0; path = WidgetCameraDiaryExtension.appex; sourceTree = BUILT_PRODUCTS_DIR; };
		1A07A6DA26CAAF1B00C4F1A6 /* WidgetCameraDiary.swift */ = {isa = PBXFileReference; lastKnownFileType = sourcecode.swift; path = WidgetCameraDiary.swift; sourceTree = "<group>"; };
		1A07A6DC26CAAF1B00C4F1A6 /* WidgetCameraDiary.intentdefinition */ = {isa = PBXFileReference; lastKnownFileType = file.intentdefinition; path = WidgetCameraDiary.intentdefinition; sourceTree = "<group>"; };
		1A07A6DD26CAAF1D00C4F1A6 /* Assets.xcassets */ = {isa = PBXFileReference; lastKnownFileType = folder.assetcatalog; path = Assets.xcassets; sourceTree = "<group>"; };
		1A07A6DF26CAAF1D00C4F1A6 /* Info.plist */ = {isa = PBXFileReference; lastKnownFileType = text.plist.xml; path = Info.plist; sourceTree = "<group>"; };
		1A26CE95272530C10095C520 /* Social.framework */ = {isa = PBXFileReference; lastKnownFileType = wrapper.framework; name = Social.framework; path = System/Library/Frameworks/Social.framework; sourceTree = SDKROOT; };
		1A26CE97272530E00095C520 /* MessageUI.framework */ = {isa = PBXFileReference; lastKnownFileType = wrapper.framework; name = MessageUI.framework; path = System/Library/Frameworks/MessageUI.framework; sourceTree = SDKROOT; };
		1A26CE99272531290095C520 /* libRNShare.a */ = {isa = PBXFileReference; explicitFileType = archive.ar; path = libRNShare.a; sourceTree = BUILT_PRODUCTS_DIR; };
		1A733D5E26E4A8860027EB34 /* yugothic.ttf */ = {isa = PBXFileReference; lastKnownFileType = file; path = yugothic.ttf; sourceTree = "<group>"; };
		1A74CE0E26C15C9600DB26D5 /* WidgetWriteDiaryExtension.appex */ = {isa = PBXFileReference; explicitFileType = "wrapper.app-extension"; includeInIndex = 0; path = WidgetWriteDiaryExtension.appex; sourceTree = BUILT_PRODUCTS_DIR; };
		1A74CE0F26C15C9600DB26D5 /* WidgetKit.framework */ = {isa = PBXFileReference; lastKnownFileType = wrapper.framework; name = WidgetKit.framework; path = System/Library/Frameworks/WidgetKit.framework; sourceTree = SDKROOT; };
		1A74CE1126C15C9600DB26D5 /* SwiftUI.framework */ = {isa = PBXFileReference; lastKnownFileType = wrapper.framework; name = SwiftUI.framework; path = System/Library/Frameworks/SwiftUI.framework; sourceTree = SDKROOT; };
		1A74CE1426C15C9600DB26D5 /* WidgetWriteDiary.swift */ = {isa = PBXFileReference; lastKnownFileType = sourcecode.swift; path = WidgetWriteDiary.swift; sourceTree = "<group>"; };
		1A74CE1626C15C9600DB26D5 /* WidgetWriteDiary.intentdefinition */ = {isa = PBXFileReference; lastKnownFileType = file.intentdefinition; path = WidgetWriteDiary.intentdefinition; sourceTree = "<group>"; };
		1A74CE1726C15C9E00DB26D5 /* Assets.xcassets */ = {isa = PBXFileReference; lastKnownFileType = folder.assetcatalog; path = Assets.xcassets; sourceTree = "<group>"; };
		1A74CE1926C15C9E00DB26D5 /* Info.plist */ = {isa = PBXFileReference; lastKnownFileType = text.plist.xml; path = Info.plist; sourceTree = "<group>"; };
		1A929EE52759BF3600AA99CA /* ImaryProject.entitlements */ = {isa = PBXFileReference; lastKnownFileType = text.plist.entitlements; name = ImaryProject.entitlements; path = ImaryProject/ImaryProject.entitlements; sourceTree = "<group>"; };
		1A929EE62759BF9500AA99CA /* WidgetWriteDiaryExtension.entitlements */ = {isa = PBXFileReference; lastKnownFileType = text.plist.entitlements; path = WidgetWriteDiaryExtension.entitlements; sourceTree = "<group>"; };
		1A929EFB2759BFC300AA99CA /* WidgetCameraDiaryExtension.entitlements */ = {isa = PBXFileReference; lastKnownFileType = text.plist.entitlements; path = WidgetCameraDiaryExtension.entitlements; sourceTree = "<group>"; };
		1A92A08F2760597100AA99CA /* libreact-native-widgetkit.a */ = {isa = PBXFileReference; explicitFileType = archive.ar; path = "libreact-native-widgetkit.a"; sourceTree = BUILT_PRODUCTS_DIR; };
		1A92A0EB27605E2D00AA99CA /* libreact-native-widgetkit.a */ = {isa = PBXFileReference; explicitFileType = archive.ar; path = "libreact-native-widgetkit.a"; sourceTree = BUILT_PRODUCTS_DIR; };
		1A92A1E32761CFA100AA99CA /* libreact-native-widget-bridge.a */ = {isa = PBXFileReference; explicitFileType = archive.ar; path = "libreact-native-widget-bridge.a"; sourceTree = BUILT_PRODUCTS_DIR; };
		1AB1646A26ABE06F008AADB7 /* GoogleService-Info.plist */ = {isa = PBXFileReference; fileEncoding = 4; lastKnownFileType = text.plist.xml; name = "GoogleService-Info.plist"; path = "ImaryProject/GoogleService-Info.plist"; sourceTree = "<group>"; };
		1AC6EFF726F8EB2A00F904BA /* yugothib.ttf */ = {isa = PBXFileReference; lastKnownFileType = file; path = yugothib.ttf; sourceTree = "<group>"; };
		2A106F1D27678ABB00E4282A /* CloudKit.framework */ = {isa = PBXFileReference; lastKnownFileType = wrapper.framework; name = CloudKit.framework; path = System/Library/Frameworks/CloudKit.framework; sourceTree = SDKROOT; };
		2A106F2027678C5600E4282A /* BackupModule.h */ = {isa = PBXFileReference; lastKnownFileType = sourcecode.c.h; path = BackupModule.h; sourceTree = "<group>"; };
		2A106F2127678C5600E4282A /* BackupModule.m */ = {isa = PBXFileReference; lastKnownFileType = sourcecode.c.objc; path = BackupModule.m; sourceTree = "<group>"; };
		2A106F2327678C7100E4282A /* ImaryProject-Bridging-Header.h */ = {isa = PBXFileReference; lastKnownFileType = sourcecode.c.h; path = "ImaryProject-Bridging-Header.h"; sourceTree = "<group>"; };
		2A106F2427678C7200E4282A /* BackupModuleHelper.swift */ = {isa = PBXFileReference; lastKnownFileType = sourcecode.swift; path = BackupModuleHelper.swift; sourceTree = "<group>"; };
		2A9D3556CE6B8BC4E949A962 /* Pods-ImaryProject.release.xcconfig */ = {isa = PBXFileReference; includeInIndex = 1; lastKnownFileType = text.xcconfig; name = "Pods-ImaryProject.release.xcconfig"; path = "Target Support Files/Pods-ImaryProject/Pods-ImaryProject.release.xcconfig"; sourceTree = "<group>"; };
		7CABA3D1B341816CE88E76C3 /* libPods-ImaryProject.a */ = {isa = PBXFileReference; explicitFileType = archive.ar; includeInIndex = 0; path = "libPods-ImaryProject.a"; sourceTree = BUILT_PRODUCTS_DIR; };
		81AB9BB72411601600AC10FF /* LaunchScreen.storyboard */ = {isa = PBXFileReference; fileEncoding = 4; lastKnownFileType = file.storyboard; name = LaunchScreen.storyboard; path = ImaryProject/LaunchScreen.storyboard; sourceTree = "<group>"; };
		926647621CB11B3500312149 /* Pods-ImaryProject.debug.xcconfig */ = {isa = PBXFileReference; includeInIndex = 1; lastKnownFileType = text.xcconfig; name = "Pods-ImaryProject.debug.xcconfig"; path = "Target Support Files/Pods-ImaryProject/Pods-ImaryProject.debug.xcconfig"; sourceTree = "<group>"; };
		AA22C79FA8EAF3F20276735B /* Pods-ImaryProject-ImaryProjectTests.release.xcconfig */ = {isa = PBXFileReference; includeInIndex = 1; lastKnownFileType = text.xcconfig; name = "Pods-ImaryProject-ImaryProjectTests.release.xcconfig"; path = "Target Support Files/Pods-ImaryProject-ImaryProjectTests/Pods-ImaryProject-ImaryProjectTests.release.xcconfig"; sourceTree = "<group>"; };
		B72DB65309D8AA8E98564329 /* libPods-ImaryProject-ImaryProjectTests.a */ = {isa = PBXFileReference; explicitFileType = archive.ar; includeInIndex = 0; path = "libPods-ImaryProject-ImaryProjectTests.a"; sourceTree = BUILT_PRODUCTS_DIR; };
		D649E25AA24F9B85E4DBA1D6 /* Pods-ImaryProject-ImaryProjectTests.debug.xcconfig */ = {isa = PBXFileReference; includeInIndex = 1; lastKnownFileType = text.xcconfig; name = "Pods-ImaryProject-ImaryProjectTests.debug.xcconfig"; path = "Target Support Files/Pods-ImaryProject-ImaryProjectTests/Pods-ImaryProject-ImaryProjectTests.debug.xcconfig"; sourceTree = "<group>"; };
		ED297162215061F000B7C4FE /* JavaScriptCore.framework */ = {isa = PBXFileReference; lastKnownFileType = wrapper.framework; name = JavaScriptCore.framework; path = System/Library/Frameworks/JavaScriptCore.framework; sourceTree = SDKROOT; };
/* End PBXFileReference section */

/* Begin PBXFrameworksBuildPhase section */
		00E356EB1AD99517003FC87E /* Frameworks */ = {
			isa = PBXFrameworksBuildPhase;
			buildActionMask = 2147483647;
			files = (
				DC00A9F9FCC5F073871276F1 /* libPods-ImaryProject-ImaryProjectTests.a in Frameworks */,
			);
			runOnlyForDeploymentPostprocessing = 0;
		};
		13B07F8C1A680F5B00A75B9A /* Frameworks */ = {
			isa = PBXFrameworksBuildPhase;
			buildActionMask = 2147483647;
			files = (
				2A106F1E27678ABB00E4282A /* CloudKit.framework in Frameworks */,
				1A26CE9A272531290095C520 /* libRNShare.a in Frameworks */,
				1A26CE96272530C10095C520 /* Social.framework in Frameworks */,
				1A26CE98272530E00095C520 /* MessageUI.framework in Frameworks */,
				682D4CDFFEC663017C325636 /* libPods-ImaryProject.a in Frameworks */,
			);
			runOnlyForDeploymentPostprocessing = 0;
		};
		1A07A6D326CAAF1B00C4F1A6 /* Frameworks */ = {
			isa = PBXFrameworksBuildPhase;
			buildActionMask = 2147483647;
			files = (
				1A07A6D826CAAF1B00C4F1A6 /* SwiftUI.framework in Frameworks */,
				1A07A6D726CAAF1B00C4F1A6 /* WidgetKit.framework in Frameworks */,
			);
			runOnlyForDeploymentPostprocessing = 0;
		};
		1A74CE0B26C15C9600DB26D5 /* Frameworks */ = {
			isa = PBXFrameworksBuildPhase;
			buildActionMask = 2147483647;
			files = (
				1A74CE1226C15C9600DB26D5 /* SwiftUI.framework in Frameworks */,
				1A74CE1026C15C9600DB26D5 /* WidgetKit.framework in Frameworks */,
			);
			runOnlyForDeploymentPostprocessing = 0;
		};
/* End PBXFrameworksBuildPhase section */

/* Begin PBXGroup section */
		00E356EF1AD99517003FC87E /* ImaryProjectTests */ = {
			isa = PBXGroup;
			children = (
				00E356F21AD99517003FC87E /* ImaryProjectTests.m */,
				00E356F01AD99517003FC87E /* Supporting Files */,
			);
			path = ImaryProjectTests;
			sourceTree = "<group>";
		};
		00E356F01AD99517003FC87E /* Supporting Files */ = {
			isa = PBXGroup;
			children = (
				00E356F11AD99517003FC87E /* Info.plist */,
			);
			name = "Supporting Files";
			sourceTree = "<group>";
		};
		13B07FAE1A68108700A75B9A /* ImaryProject */ = {
			isa = PBXGroup;
			children = (
				1A929EE52759BF3600AA99CA /* ImaryProject.entitlements */,
				1AB1646A26ABE06F008AADB7 /* GoogleService-Info.plist */,
				13B07FAF1A68108700A75B9A /* AppDelegate.h */,
				13B07FB01A68108700A75B9A /* AppDelegate.m */,
				13B07FB51A68108700A75B9A /* Images.xcassets */,
				13B07FB61A68108700A75B9A /* Info.plist */,
				81AB9BB72411601600AC10FF /* LaunchScreen.storyboard */,
				13B07FB71A68108700A75B9A /* main.m */,
			);
			name = ImaryProject;
			sourceTree = "<group>";
		};
		1A07A6D926CAAF1B00C4F1A6 /* WidgetCameraDiary */ = {
			isa = PBXGroup;
			children = (
				1A07A6DA26CAAF1B00C4F1A6 /* WidgetCameraDiary.swift */,
				1A07A6DC26CAAF1B00C4F1A6 /* WidgetCameraDiary.intentdefinition */,
				1A07A6DD26CAAF1D00C4F1A6 /* Assets.xcassets */,
				1A07A6DF26CAAF1D00C4F1A6 /* Info.plist */,
			);
			path = WidgetCameraDiary;
			sourceTree = "<group>";
		};
		1A733D5326E4A01D0027EB34 /* Resources */ = {
			isa = PBXGroup;
			children = (
				1AC6EFF726F8EB2A00F904BA /* yugothib.ttf */,
				1A733D5E26E4A8860027EB34 /* yugothic.ttf */,
			);
			path = Resources;
			sourceTree = "<group>";
		};
		1A74CE1326C15C9600DB26D5 /* WidgetWriteDiary */ = {
			isa = PBXGroup;
			children = (
				1A74CE1426C15C9600DB26D5 /* WidgetWriteDiary.swift */,
				1A74CE1626C15C9600DB26D5 /* WidgetWriteDiary.intentdefinition */,
				1A74CE1726C15C9E00DB26D5 /* Assets.xcassets */,
				1A74CE1926C15C9E00DB26D5 /* Info.plist */,
			);
			path = WidgetWriteDiary;
			sourceTree = "<group>";
		};
		2A106F1F27678BE500E4282A /* backupModule */ = {
			isa = PBXGroup;
			children = (
				2A106F2027678C5600E4282A /* BackupModule.h */,
				2A106F2127678C5600E4282A /* BackupModule.m */,
				2A106F2427678C7200E4282A /* BackupModuleHelper.swift */,
				2A106F2327678C7100E4282A /* ImaryProject-Bridging-Header.h */,
			);
			path = backupModule;
			sourceTree = "<group>";
		};
		2D16E6871FA4F8E400B85C8A /* Frameworks */ = {
			isa = PBXGroup;
			children = (
				2A106F1D27678ABB00E4282A /* CloudKit.framework */,
				1A92A1E32761CFA100AA99CA /* libreact-native-widget-bridge.a */,
				1A92A0EB27605E2D00AA99CA /* libreact-native-widgetkit.a */,
				1A92A08F2760597100AA99CA /* libreact-native-widgetkit.a */,
				1A26CE99272531290095C520 /* libRNShare.a */,
				1A26CE97272530E00095C520 /* MessageUI.framework */,
				1A26CE95272530C10095C520 /* Social.framework */,
				ED297162215061F000B7C4FE /* JavaScriptCore.framework */,
				1A74CE0F26C15C9600DB26D5 /* WidgetKit.framework */,
				1A74CE1126C15C9600DB26D5 /* SwiftUI.framework */,
				7CABA3D1B341816CE88E76C3 /* libPods-ImaryProject.a */,
				B72DB65309D8AA8E98564329 /* libPods-ImaryProject-ImaryProjectTests.a */,
			);
			name = Frameworks;
			sourceTree = "<group>";
		};
		832341AE1AAA6A7D00B99B32 /* Libraries */ = {
			isa = PBXGroup;
			children = (
			);
			name = Libraries;
			sourceTree = "<group>";
		};
		83CBB9F61A601CBA00E9B192 = {
			isa = PBXGroup;
			children = (
				2A106F1F27678BE500E4282A /* backupModule */,
				1A929EFB2759BFC300AA99CA /* WidgetCameraDiaryExtension.entitlements */,
				1A929EE62759BF9500AA99CA /* WidgetWriteDiaryExtension.entitlements */,
				1A733D5326E4A01D0027EB34 /* Resources */,
				13B07FAE1A68108700A75B9A /* ImaryProject */,
				832341AE1AAA6A7D00B99B32 /* Libraries */,
				00E356EF1AD99517003FC87E /* ImaryProjectTests */,
				1A74CE1326C15C9600DB26D5 /* WidgetWriteDiary */,
				1A07A6D926CAAF1B00C4F1A6 /* WidgetCameraDiary */,
				83CBBA001A601CBA00E9B192 /* Products */,
				2D16E6871FA4F8E400B85C8A /* Frameworks */,
				E87F118CB131F45D1761C0A0 /* Pods */,
			);
			indentWidth = 2;
			sourceTree = "<group>";
			tabWidth = 2;
			usesTabs = 0;
		};
		83CBBA001A601CBA00E9B192 /* Products */ = {
			isa = PBXGroup;
			children = (
				13B07F961A680F5B00A75B9A /* ImaryProject.app */,
				00E356EE1AD99517003FC87E /* ImaryProjectTests.xctest */,
				1A74CE0E26C15C9600DB26D5 /* WidgetWriteDiaryExtension.appex */,
				1A07A6D626CAAF1B00C4F1A6 /* WidgetCameraDiaryExtension.appex */,
			);
			name = Products;
			sourceTree = "<group>";
		};
		E87F118CB131F45D1761C0A0 /* Pods */ = {
			isa = PBXGroup;
			children = (
				926647621CB11B3500312149 /* Pods-ImaryProject.debug.xcconfig */,
				2A9D3556CE6B8BC4E949A962 /* Pods-ImaryProject.release.xcconfig */,
				D649E25AA24F9B85E4DBA1D6 /* Pods-ImaryProject-ImaryProjectTests.debug.xcconfig */,
				AA22C79FA8EAF3F20276735B /* Pods-ImaryProject-ImaryProjectTests.release.xcconfig */,
			);
			path = Pods;
			sourceTree = "<group>";
		};
/* End PBXGroup section */

/* Begin PBXNativeTarget section */
		00E356ED1AD99517003FC87E /* ImaryProjectTests */ = {
			isa = PBXNativeTarget;
			buildConfigurationList = 00E357021AD99517003FC87E /* Build configuration list for PBXNativeTarget "ImaryProjectTests" */;
			buildPhases = (
				6B84B2A28FE2AABAA3107037 /* [CP] Check Pods Manifest.lock */,
				00E356EA1AD99517003FC87E /* Sources */,
				00E356EB1AD99517003FC87E /* Frameworks */,
				00E356EC1AD99517003FC87E /* Resources */,
				F02BAD6973431937C6A3FDC2 /* [CP] Embed Pods Frameworks */,
				EEAB24469E5694DF0E84FE63 /* [CP] Copy Pods Resources */,
			);
			buildRules = (
			);
			dependencies = (
				00E356F51AD99517003FC87E /* PBXTargetDependency */,
			);
			name = ImaryProjectTests;
			productName = ImaryProjectTests;
			productReference = 00E356EE1AD99517003FC87E /* ImaryProjectTests.xctest */;
			productType = "com.apple.product-type.bundle.unit-test";
		};
		13B07F861A680F5B00A75B9A /* ImaryProject */ = {
			isa = PBXNativeTarget;
			buildConfigurationList = 13B07F931A680F5B00A75B9A /* Build configuration list for PBXNativeTarget "ImaryProject" */;
			buildPhases = (
				083AFC7E63B1CB7D7C070D5E /* [CP] Check Pods Manifest.lock */,
				FD10A7F022414F080027D42C /* Start Packager */,
				13B07F871A680F5B00A75B9A /* Sources */,
				13B07F8C1A680F5B00A75B9A /* Frameworks */,
				13B07F8E1A680F5B00A75B9A /* Resources */,
				00DD1BFF1BD5951E006B06BC /* Bundle React Native code and images */,
				1A74CE1F26C15C9E00DB26D5 /* Embed App Extensions */,
				25EA85A43EC207E483EC5936 /* [CP] Embed Pods Frameworks */,
				59D930ACC4DDADCB6238B11B /* [CP] Copy Pods Resources */,
			);
			buildRules = (
			);
			dependencies = (
				1A74CE1D26C15C9E00DB26D5 /* PBXTargetDependency */,
				1A07A6E326CAAF1D00C4F1A6 /* PBXTargetDependency */,
			);
			name = ImaryProject;
			productName = ImaryProject;
			productReference = 13B07F961A680F5B00A75B9A /* ImaryProject.app */;
			productType = "com.apple.product-type.application";
		};
		1A07A6D526CAAF1B00C4F1A6 /* WidgetCameraDiaryExtension */ = {
			isa = PBXNativeTarget;
			buildConfigurationList = 1A07A6E726CAAF1D00C4F1A6 /* Build configuration list for PBXNativeTarget "WidgetCameraDiaryExtension" */;
			buildPhases = (
				1A07A6D226CAAF1B00C4F1A6 /* Sources */,
				1A07A6D326CAAF1B00C4F1A6 /* Frameworks */,
				1A07A6D426CAAF1B00C4F1A6 /* Resources */,
			);
			buildRules = (
			);
			dependencies = (
			);
			name = WidgetCameraDiaryExtension;
			productName = WidgetCameraDiaryExtension;
			productReference = 1A07A6D626CAAF1B00C4F1A6 /* WidgetCameraDiaryExtension.appex */;
			productType = "com.apple.product-type.app-extension";
		};
		1A74CE0D26C15C9600DB26D5 /* WidgetWriteDiaryExtension */ = {
			isa = PBXNativeTarget;
			buildConfigurationList = 1A74CE2226C15C9E00DB26D5 /* Build configuration list for PBXNativeTarget "WidgetWriteDiaryExtension" */;
			buildPhases = (
				1A74CE0A26C15C9600DB26D5 /* Sources */,
				1A74CE0B26C15C9600DB26D5 /* Frameworks */,
				1A74CE0C26C15C9600DB26D5 /* Resources */,
			);
			buildRules = (
			);
			dependencies = (
			);
			name = WidgetWriteDiaryExtension;
			productName = WidgetWriteDiaryExtension;
			productReference = 1A74CE0E26C15C9600DB26D5 /* WidgetWriteDiaryExtension.appex */;
			productType = "com.apple.product-type.app-extension";
		};
/* End PBXNativeTarget section */

/* Begin PBXProject section */
		83CBB9F71A601CBA00E9B192 /* Project object */ = {
			isa = PBXProject;
			attributes = {
				CLASSPREFIX = Prefix;
				LastSwiftUpdateCheck = 1200;
				LastUpgradeCheck = 1200;
				TargetAttributes = {
					00E356ED1AD99517003FC87E = {
						CreatedOnToolsVersion = 6.2;
						TestTargetID = 13B07F861A680F5B00A75B9A;
					};
					13B07F861A680F5B00A75B9A = {
						LastSwiftMigration = 1300;
					};
					1A07A6D526CAAF1B00C4F1A6 = {
						CreatedOnToolsVersion = 12.0.1;
					};
					1A74CE0D26C15C9600DB26D5 = {
						CreatedOnToolsVersion = 12.0.1;
					};
				};
			};
			buildConfigurationList = 83CBB9FA1A601CBA00E9B192 /* Build configuration list for PBXProject "ImaryProject" */;
			compatibilityVersion = "Xcode 12.0";
			developmentRegion = en;
			hasScannedForEncodings = 0;
			knownRegions = (
				en,
				Base,
			);
			mainGroup = 83CBB9F61A601CBA00E9B192;
			productRefGroup = 83CBBA001A601CBA00E9B192 /* Products */;
			projectDirPath = "";
			projectRoot = "";
			targets = (
				13B07F861A680F5B00A75B9A /* ImaryProject */,
				00E356ED1AD99517003FC87E /* ImaryProjectTests */,
				1A74CE0D26C15C9600DB26D5 /* WidgetWriteDiaryExtension */,
				1A07A6D526CAAF1B00C4F1A6 /* WidgetCameraDiaryExtension */,
			);
		};
/* End PBXProject section */

/* Begin PBXResourcesBuildPhase section */
		00E356EC1AD99517003FC87E /* Resources */ = {
			isa = PBXResourcesBuildPhase;
			buildActionMask = 2147483647;
			files = (
			);
			runOnlyForDeploymentPostprocessing = 0;
		};
		13B07F8E1A680F5B00A75B9A /* Resources */ = {
			isa = PBXResourcesBuildPhase;
			buildActionMask = 2147483647;
			files = (
				1A733D5F26E4A8860027EB34 /* yugothic.ttf in Resources */,
				81AB9BB82411601600AC10FF /* LaunchScreen.storyboard in Resources */,
				1AC6EFF826F8EB2A00F904BA /* yugothib.ttf in Resources */,
				13B07FBF1A68108700A75B9A /* Images.xcassets in Resources */,
				1AB1646B26ABE06F008AADB7 /* GoogleService-Info.plist in Resources */,
			);
			runOnlyForDeploymentPostprocessing = 0;
		};
		1A07A6D426CAAF1B00C4F1A6 /* Resources */ = {
			isa = PBXResourcesBuildPhase;
			buildActionMask = 2147483647;
			files = (
				1A07A6DE26CAAF1D00C4F1A6 /* Assets.xcassets in Resources */,
			);
			runOnlyForDeploymentPostprocessing = 0;
		};
		1A74CE0C26C15C9600DB26D5 /* Resources */ = {
			isa = PBXResourcesBuildPhase;
			buildActionMask = 2147483647;
			files = (
				1A74CE1826C15C9E00DB26D5 /* Assets.xcassets in Resources */,
			);
			runOnlyForDeploymentPostprocessing = 0;
		};
/* End PBXResourcesBuildPhase section */

/* Begin PBXShellScriptBuildPhase section */
		00DD1BFF1BD5951E006B06BC /* Bundle React Native code and images */ = {
			isa = PBXShellScriptBuildPhase;
			buildActionMask = 2147483647;
			files = (
			);
			inputPaths = (
			);
			name = "Bundle React Native code and images";
			outputPaths = (
			);
			runOnlyForDeploymentPostprocessing = 0;
			shellPath = /bin/sh;
			shellScript = "set -e\n\nexport NODE_BINARY=node\n../node_modules/react-native/scripts/react-native-xcode.sh\n";
		};
		083AFC7E63B1CB7D7C070D5E /* [CP] Check Pods Manifest.lock */ = {
			isa = PBXShellScriptBuildPhase;
			buildActionMask = 2147483647;
			files = (
			);
			inputFileListPaths = (
			);
			inputPaths = (
				"${PODS_PODFILE_DIR_PATH}/Podfile.lock",
				"${PODS_ROOT}/Manifest.lock",
			);
			name = "[CP] Check Pods Manifest.lock";
			outputFileListPaths = (
			);
			outputPaths = (
				"$(DERIVED_FILE_DIR)/Pods-ImaryProject-checkManifestLockResult.txt",
			);
			runOnlyForDeploymentPostprocessing = 0;
			shellPath = /bin/sh;
			shellScript = "diff \"${PODS_PODFILE_DIR_PATH}/Podfile.lock\" \"${PODS_ROOT}/Manifest.lock\" > /dev/null\nif [ $? != 0 ] ; then\n    # print error to STDERR\n    echo \"error: The sandbox is not in sync with the Podfile.lock. Run 'pod install' or update your CocoaPods installation.\" >&2\n    exit 1\nfi\n# This output is used by Xcode 'outputs' to avoid re-running this script phase.\necho \"SUCCESS\" > \"${SCRIPT_OUTPUT_FILE_0}\"\n";
			showEnvVarsInLog = 0;
		};
		25EA85A43EC207E483EC5936 /* [CP] Embed Pods Frameworks */ = {
			isa = PBXShellScriptBuildPhase;
			buildActionMask = 2147483647;
			files = (
			);
			inputFileListPaths = (
				"${PODS_ROOT}/Target Support Files/Pods-ImaryProject/Pods-ImaryProject-frameworks-${CONFIGURATION}-input-files.xcfilelist",
			);
			name = "[CP] Embed Pods Frameworks";
			outputFileListPaths = (
				"${PODS_ROOT}/Target Support Files/Pods-ImaryProject/Pods-ImaryProject-frameworks-${CONFIGURATION}-output-files.xcfilelist",
			);
			runOnlyForDeploymentPostprocessing = 0;
			shellPath = /bin/sh;
			shellScript = "\"${PODS_ROOT}/Target Support Files/Pods-ImaryProject/Pods-ImaryProject-frameworks.sh\"\n";
			showEnvVarsInLog = 0;
		};
		59D930ACC4DDADCB6238B11B /* [CP] Copy Pods Resources */ = {
			isa = PBXShellScriptBuildPhase;
			buildActionMask = 2147483647;
			files = (
			);
			inputFileListPaths = (
				"${PODS_ROOT}/Target Support Files/Pods-ImaryProject/Pods-ImaryProject-resources-${CONFIGURATION}-input-files.xcfilelist",
			);
			name = "[CP] Copy Pods Resources";
			outputFileListPaths = (
				"${PODS_ROOT}/Target Support Files/Pods-ImaryProject/Pods-ImaryProject-resources-${CONFIGURATION}-output-files.xcfilelist",
			);
			runOnlyForDeploymentPostprocessing = 0;
			shellPath = /bin/sh;
			shellScript = "\"${PODS_ROOT}/Target Support Files/Pods-ImaryProject/Pods-ImaryProject-resources.sh\"\n";
			showEnvVarsInLog = 0;
		};
		6B84B2A28FE2AABAA3107037 /* [CP] Check Pods Manifest.lock */ = {
			isa = PBXShellScriptBuildPhase;
			buildActionMask = 2147483647;
			files = (
			);
			inputFileListPaths = (
			);
			inputPaths = (
				"${PODS_PODFILE_DIR_PATH}/Podfile.lock",
				"${PODS_ROOT}/Manifest.lock",
			);
			name = "[CP] Check Pods Manifest.lock";
			outputFileListPaths = (
			);
			outputPaths = (
				"$(DERIVED_FILE_DIR)/Pods-ImaryProject-ImaryProjectTests-checkManifestLockResult.txt",
			);
			runOnlyForDeploymentPostprocessing = 0;
			shellPath = /bin/sh;
			shellScript = "diff \"${PODS_PODFILE_DIR_PATH}/Podfile.lock\" \"${PODS_ROOT}/Manifest.lock\" > /dev/null\nif [ $? != 0 ] ; then\n    # print error to STDERR\n    echo \"error: The sandbox is not in sync with the Podfile.lock. Run 'pod install' or update your CocoaPods installation.\" >&2\n    exit 1\nfi\n# This output is used by Xcode 'outputs' to avoid re-running this script phase.\necho \"SUCCESS\" > \"${SCRIPT_OUTPUT_FILE_0}\"\n";
			showEnvVarsInLog = 0;
		};
		EEAB24469E5694DF0E84FE63 /* [CP] Copy Pods Resources */ = {
			isa = PBXShellScriptBuildPhase;
			buildActionMask = 2147483647;
			files = (
			);
			inputFileListPaths = (
				"${PODS_ROOT}/Target Support Files/Pods-ImaryProject-ImaryProjectTests/Pods-ImaryProject-ImaryProjectTests-resources-${CONFIGURATION}-input-files.xcfilelist",
			);
			name = "[CP] Copy Pods Resources";
			outputFileListPaths = (
				"${PODS_ROOT}/Target Support Files/Pods-ImaryProject-ImaryProjectTests/Pods-ImaryProject-ImaryProjectTests-resources-${CONFIGURATION}-output-files.xcfilelist",
			);
			runOnlyForDeploymentPostprocessing = 0;
			shellPath = /bin/sh;
			shellScript = "\"${PODS_ROOT}/Target Support Files/Pods-ImaryProject-ImaryProjectTests/Pods-ImaryProject-ImaryProjectTests-resources.sh\"\n";
			showEnvVarsInLog = 0;
		};
		F02BAD6973431937C6A3FDC2 /* [CP] Embed Pods Frameworks */ = {
			isa = PBXShellScriptBuildPhase;
			buildActionMask = 2147483647;
			files = (
			);
			inputFileListPaths = (
				"${PODS_ROOT}/Target Support Files/Pods-ImaryProject-ImaryProjectTests/Pods-ImaryProject-ImaryProjectTests-frameworks-${CONFIGURATION}-input-files.xcfilelist",
			);
			name = "[CP] Embed Pods Frameworks";
			outputFileListPaths = (
				"${PODS_ROOT}/Target Support Files/Pods-ImaryProject-ImaryProjectTests/Pods-ImaryProject-ImaryProjectTests-frameworks-${CONFIGURATION}-output-files.xcfilelist",
			);
			runOnlyForDeploymentPostprocessing = 0;
			shellPath = /bin/sh;
			shellScript = "\"${PODS_ROOT}/Target Support Files/Pods-ImaryProject-ImaryProjectTests/Pods-ImaryProject-ImaryProjectTests-frameworks.sh\"\n";
			showEnvVarsInLog = 0;
		};
		FD10A7F022414F080027D42C /* Start Packager */ = {
			isa = PBXShellScriptBuildPhase;
			buildActionMask = 2147483647;
			files = (
			);
			inputFileListPaths = (
			);
			inputPaths = (
			);
			name = "Start Packager";
			outputFileListPaths = (
			);
			outputPaths = (
			);
			runOnlyForDeploymentPostprocessing = 0;
			shellPath = /bin/sh;
			shellScript = "export RCT_METRO_PORT=\"${RCT_METRO_PORT:=8081}\"\necho \"export RCT_METRO_PORT=${RCT_METRO_PORT}\" > \"${SRCROOT}/../node_modules/react-native/scripts/.packager.env\"\nif [ -z \"${RCT_NO_LAUNCH_PACKAGER+xxx}\" ] ; then\n  if nc -w 5 -z localhost ${RCT_METRO_PORT} ; then\n    if ! curl -s \"http://localhost:${RCT_METRO_PORT}/status\" | grep -q \"packager-status:running\" ; then\n      echo \"Port ${RCT_METRO_PORT} already in use, packager is either not running or not running correctly\"\n      exit 2\n    fi\n  else\n    open \"$SRCROOT/../node_modules/react-native/scripts/launchPackager.command\" || echo \"Can't start packager automatically\"\n  fi\nfi\n";
			showEnvVarsInLog = 0;
		};
/* End PBXShellScriptBuildPhase section */

/* Begin PBXSourcesBuildPhase section */
		00E356EA1AD99517003FC87E /* Sources */ = {
			isa = PBXSourcesBuildPhase;
			buildActionMask = 2147483647;
			files = (
				00E356F31AD99517003FC87E /* ImaryProjectTests.m in Sources */,
			);
			runOnlyForDeploymentPostprocessing = 0;
		};
		13B07F871A680F5B00A75B9A /* Sources */ = {
			isa = PBXSourcesBuildPhase;
			buildActionMask = 2147483647;
			files = (
				13B07FBC1A68108700A75B9A /* AppDelegate.m in Sources */,
				2A106F2527678C7200E4282A /* BackupModuleHelper.swift in Sources */,
				2A106F2227678C5600E4282A /* BackupModule.m in Sources */,
				1A07A6E126CAAF1D00C4F1A6 /* WidgetCameraDiary.intentdefinition in Sources */,
				1A74CECC26C165CF00DB26D5 /* WidgetWriteDiary.intentdefinition in Sources */,
				13B07FC11A68108700A75B9A /* main.m in Sources */,
			);
			runOnlyForDeploymentPostprocessing = 0;
		};
		1A07A6D226CAAF1B00C4F1A6 /* Sources */ = {
			isa = PBXSourcesBuildPhase;
			buildActionMask = 2147483647;
			files = (
				1A07A6DB26CAAF1B00C4F1A6 /* WidgetCameraDiary.swift in Sources */,
				1A07A6E026CAAF1D00C4F1A6 /* WidgetCameraDiary.intentdefinition in Sources */,
			);
			runOnlyForDeploymentPostprocessing = 0;
		};
		1A74CE0A26C15C9600DB26D5 /* Sources */ = {
			isa = PBXSourcesBuildPhase;
			buildActionMask = 2147483647;
			files = (
				1A74CE1A26C15C9E00DB26D5 /* WidgetWriteDiary.intentdefinition in Sources */,
				1A929DE1274760A500AA99CA /* WidgetWriteDiary.swift in Sources */,
			);
			runOnlyForDeploymentPostprocessing = 0;
		};
/* End PBXSourcesBuildPhase section */

/* Begin PBXTargetDependency section */
		00E356F51AD99517003FC87E /* PBXTargetDependency */ = {
			isa = PBXTargetDependency;
			target = 13B07F861A680F5B00A75B9A /* ImaryProject */;
			targetProxy = 00E356F41AD99517003FC87E /* PBXContainerItemProxy */;
		};
		1A07A6E326CAAF1D00C4F1A6 /* PBXTargetDependency */ = {
			isa = PBXTargetDependency;
			target = 1A07A6D526CAAF1B00C4F1A6 /* WidgetCameraDiaryExtension */;
			targetProxy = 1A07A6E226CAAF1D00C4F1A6 /* PBXContainerItemProxy */;
		};
		1A74CE1D26C15C9E00DB26D5 /* PBXTargetDependency */ = {
			isa = PBXTargetDependency;
			target = 1A74CE0D26C15C9600DB26D5 /* WidgetWriteDiaryExtension */;
			targetProxy = 1A74CE1C26C15C9E00DB26D5 /* PBXContainerItemProxy */;
		};
/* End PBXTargetDependency section */

/* Begin XCBuildConfiguration section */
		00E356F61AD99517003FC87E /* Debug */ = {
			isa = XCBuildConfiguration;
			baseConfigurationReference = D649E25AA24F9B85E4DBA1D6 /* Pods-ImaryProject-ImaryProjectTests.debug.xcconfig */;
			buildSettings = {
				ALWAYS_EMBED_SWIFT_STANDARD_LIBRARIES = YES;
				BUNDLE_LOADER = "$(TEST_HOST)";
				DEVELOPMENT_TEAM = TM56PYA695;
				GCC_PREPROCESSOR_DEFINITIONS = (
					"DEBUG=1",
					"$(inherited)",
				);
				INFOPLIST_FILE = ImaryProjectTests/Info.plist;
				IPHONEOS_DEPLOYMENT_TARGET = 12.0;
				LD_RUNPATH_SEARCH_PATHS = (
					"$(inherited)",
					"@executable_path/Frameworks",
					"@loader_path/Frameworks",
				);
				OTHER_LDFLAGS = (
					"-ObjC",
					"-lc++",
					"$(inherited)",
				);
				PRODUCT_BUNDLE_IDENTIFIER = "org.reactjs.native.example.$(PRODUCT_NAME:rfc1034identifier)";
				PRODUCT_NAME = "$(TARGET_NAME)";
				TEST_HOST = "$(BUILT_PRODUCTS_DIR)/ImaryProject.app/ImaryProject";
			};
			name = Debug;
		};
		00E356F71AD99517003FC87E /* Release */ = {
			isa = XCBuildConfiguration;
			baseConfigurationReference = AA22C79FA8EAF3F20276735B /* Pods-ImaryProject-ImaryProjectTests.release.xcconfig */;
			buildSettings = {
				ALWAYS_EMBED_SWIFT_STANDARD_LIBRARIES = YES;
				BUNDLE_LOADER = "$(TEST_HOST)";
				COPY_PHASE_STRIP = NO;
				DEVELOPMENT_TEAM = TM56PYA695;
				INFOPLIST_FILE = ImaryProjectTests/Info.plist;
				IPHONEOS_DEPLOYMENT_TARGET = 12.0;
				LD_RUNPATH_SEARCH_PATHS = (
					"$(inherited)",
					"@executable_path/Frameworks",
					"@loader_path/Frameworks",
				);
				OTHER_LDFLAGS = (
					"-ObjC",
					"-lc++",
					"$(inherited)",
				);
				PRODUCT_BUNDLE_IDENTIFIER = "org.reactjs.native.example.$(PRODUCT_NAME:rfc1034identifier)";
				PRODUCT_NAME = "$(TARGET_NAME)";
				TEST_HOST = "$(BUILT_PRODUCTS_DIR)/ImaryProject.app/ImaryProject";
			};
			name = Release;
		};
		13B07F941A680F5B00A75B9A /* Debug */ = {
			isa = XCBuildConfiguration;
			baseConfigurationReference = 926647621CB11B3500312149 /* Pods-ImaryProject.debug.xcconfig */;
			buildSettings = {
				ASSETCATALOG_COMPILER_APPICON_NAME = AppIcon;
				CLANG_ENABLE_MODULES = YES;
				CODE_SIGN_ENTITLEMENTS = ImaryProject/ImaryProject.entitlements;
				CODE_SIGN_IDENTITY = "Apple Development";
				CODE_SIGN_STYLE = Automatic;
				CURRENT_PROJECT_VERSION = 4;
				DEVELOPMENT_TEAM = TM56PYA695;
				ENABLE_BITCODE = NO;
				INFOPLIST_FILE = ImaryProject/Info.plist;
				IPHONEOS_DEPLOYMENT_TARGET = 12.0;
				LD_RUNPATH_SEARCH_PATHS = (
					"$(inherited)",
					"@executable_path/Frameworks",
				);
				MARKETING_VERSION = 1.1;
				OTHER_LDFLAGS = (
					"$(inherited)",
					"-ObjC",
					"-lc++",
				);
				PRODUCT_BUNDLE_IDENTIFIER = com.reactjs.native.example.ImaryProject;
				PRODUCT_NAME = ImaryProject;
				PROVISIONING_PROFILE_SPECIFIER = "";
				SWIFT_OBJC_BRIDGING_HEADER = "backupModule/ImaryProject-Bridging-Header.h";
				SWIFT_OPTIMIZATION_LEVEL = "-Onone";
				SWIFT_VERSION = 5.0;
				TARGETED_DEVICE_FAMILY = "1,2";
				VERSIONING_SYSTEM = "apple-generic";
			};
			name = Debug;
		};
		13B07F951A680F5B00A75B9A /* Release */ = {
			isa = XCBuildConfiguration;
			baseConfigurationReference = 2A9D3556CE6B8BC4E949A962 /* Pods-ImaryProject.release.xcconfig */;
			buildSettings = {
				ASSETCATALOG_COMPILER_APPICON_NAME = AppIcon;
				CLANG_ENABLE_MODULES = YES;
				CODE_SIGN_ENTITLEMENTS = ImaryProject/ImaryProject.entitlements;
				CODE_SIGN_IDENTITY = "Apple Development";
				CODE_SIGN_STYLE = Automatic;
				CURRENT_PROJECT_VERSION = 4;
				DEVELOPMENT_TEAM = TM56PYA695;
				INFOPLIST_FILE = ImaryProject/Info.plist;
				IPHONEOS_DEPLOYMENT_TARGET = 12.0;
				LD_RUNPATH_SEARCH_PATHS = (
					"$(inherited)",
					"@executable_path/Frameworks",
				);
				MARKETING_VERSION = 1.1;
				OTHER_LDFLAGS = (
					"$(inherited)",
					"-ObjC",
					"-lc++",
				);
				PRODUCT_BUNDLE_IDENTIFIER = com.reactjs.native.example.ImaryProject;
				PRODUCT_NAME = ImaryProject;
				PROVISIONING_PROFILE_SPECIFIER = "";
				SWIFT_OBJC_BRIDGING_HEADER = "backupModule/ImaryProject-Bridging-Header.h";
				SWIFT_VERSION = 5.0;
				TARGETED_DEVICE_FAMILY = "1,2";
				VERSIONING_SYSTEM = "apple-generic";
			};
			name = Release;
		};
		1A07A6E526CAAF1D00C4F1A6 /* Debug */ = {
			isa = XCBuildConfiguration;
			buildSettings = {
				ASSETCATALOG_COMPILER_GLOBAL_ACCENT_COLOR_NAME = AccentColor;
				ASSETCATALOG_COMPILER_WIDGET_BACKGROUND_COLOR_NAME = WidgetBackground;
				CLANG_ANALYZER_NONNULL = YES;
				CLANG_ANALYZER_NUMBER_OBJECT_CONVERSION = YES_AGGRESSIVE;
				CLANG_CXX_LANGUAGE_STANDARD = "gnu++14";
				CLANG_ENABLE_OBJC_WEAK = YES;
				CLANG_WARN_DOCUMENTATION_COMMENTS = YES;
				CLANG_WARN_UNGUARDED_AVAILABILITY = YES_AGGRESSIVE;
				CODE_SIGN_ENTITLEMENTS = WidgetCameraDiaryExtension.entitlements;
				CODE_SIGN_IDENTITY = "Apple Development";
				CODE_SIGN_STYLE = Automatic;
				CURRENT_PROJECT_VERSION = 4;
				DEBUG_INFORMATION_FORMAT = dwarf;
				DEVELOPMENT_TEAM = TM56PYA695;
				GCC_C_LANGUAGE_STANDARD = gnu11;
				INFOPLIST_FILE = WidgetCameraDiary/Info.plist;
				INTENTS_CODEGEN_LANGUAGE = Automatic;
				IPHONEOS_DEPLOYMENT_TARGET = 14.0;
				LD_RUNPATH_SEARCH_PATHS = (
					"$(inherited)",
					"@executable_path/Frameworks",
					"@executable_path/../../Frameworks",
				);
				LIBRARY_SEARCH_PATHS = (
					"\"$(TOOLCHAIN_DIR)/usr/lib/swift/$(PLATFORM_NAME)\"",
					"\"$(TOOLCHAIN_DIR)/usr/lib/swift-5.2/$(PLATFORM_NAME)\"",
					"\"$(inherited)\"",
				);
				MARKETING_VERSION = 1.1;
				MTL_ENABLE_DEBUG_INFO = INCLUDE_SOURCE;
				MTL_FAST_MATH = YES;
				PRODUCT_BUNDLE_IDENTIFIER = com.reactjs.native.example.ImaryProject.WidgetCameraDiary;
				PRODUCT_NAME = "$(TARGET_NAME)";
				PROVISIONING_PROFILE_SPECIFIER = "";
				SKIP_INSTALL = YES;
				SWIFT_ACTIVE_COMPILATION_CONDITIONS = DEBUG;
				SWIFT_OPTIMIZATION_LEVEL = "-Onone";
				SWIFT_VERSION = 5.0;
				TARGETED_DEVICE_FAMILY = "1,2";
			};
			name = Debug;
		};
		1A07A6E626CAAF1D00C4F1A6 /* Release */ = {
			isa = XCBuildConfiguration;
			buildSettings = {
				ASSETCATALOG_COMPILER_GLOBAL_ACCENT_COLOR_NAME = AccentColor;
				ASSETCATALOG_COMPILER_WIDGET_BACKGROUND_COLOR_NAME = WidgetBackground;
				CLANG_ANALYZER_NONNULL = YES;
				CLANG_ANALYZER_NUMBER_OBJECT_CONVERSION = YES_AGGRESSIVE;
				CLANG_CXX_LANGUAGE_STANDARD = "gnu++14";
				CLANG_ENABLE_OBJC_WEAK = YES;
				CLANG_WARN_DOCUMENTATION_COMMENTS = YES;
				CLANG_WARN_UNGUARDED_AVAILABILITY = YES_AGGRESSIVE;
				CODE_SIGN_ENTITLEMENTS = WidgetCameraDiaryExtension.entitlements;
				CODE_SIGN_IDENTITY = "Apple Development";
				CODE_SIGN_STYLE = Automatic;
				COPY_PHASE_STRIP = NO;
				CURRENT_PROJECT_VERSION = 4;
				DEBUG_INFORMATION_FORMAT = "dwarf-with-dsym";
				DEVELOPMENT_TEAM = TM56PYA695;
				GCC_C_LANGUAGE_STANDARD = gnu11;
				INFOPLIST_FILE = WidgetCameraDiary/Info.plist;
				INTENTS_CODEGEN_LANGUAGE = Automatic;
				IPHONEOS_DEPLOYMENT_TARGET = 14.0;
				LD_RUNPATH_SEARCH_PATHS = (
					"$(inherited)",
					"@executable_path/Frameworks",
					"@executable_path/../../Frameworks",
				);
				LIBRARY_SEARCH_PATHS = (
					"\"$(TOOLCHAIN_DIR)/usr/lib/swift/$(PLATFORM_NAME)\"",
					"\"$(TOOLCHAIN_DIR)/usr/lib/swift-5.2/$(PLATFORM_NAME)\"",
					"\"$(inherited)\"",
				);
				MARKETING_VERSION = 1.1;
				MTL_FAST_MATH = YES;
				PRODUCT_BUNDLE_IDENTIFIER = com.reactjs.native.example.ImaryProject.WidgetCameraDiary;
				PRODUCT_NAME = "$(TARGET_NAME)";
				PROVISIONING_PROFILE_SPECIFIER = "";
				SKIP_INSTALL = YES;
				SWIFT_OPTIMIZATION_LEVEL = "-O";
				SWIFT_VERSION = 5.0;
				TARGETED_DEVICE_FAMILY = "1,2";
			};
			name = Release;
		};
		1A74CE2026C15C9E00DB26D5 /* Debug */ = {
			isa = XCBuildConfiguration;
			buildSettings = {
				ASSETCATALOG_COMPILER_GLOBAL_ACCENT_COLOR_NAME = AccentColor;
				ASSETCATALOG_COMPILER_WIDGET_BACKGROUND_COLOR_NAME = WidgetBackground;
				CLANG_ANALYZER_NONNULL = YES;
				CLANG_ANALYZER_NUMBER_OBJECT_CONVERSION = YES_AGGRESSIVE;
				CLANG_CXX_LANGUAGE_STANDARD = "gnu++14";
				CLANG_ENABLE_OBJC_WEAK = YES;
				CLANG_WARN_DOCUMENTATION_COMMENTS = YES;
				CLANG_WARN_UNGUARDED_AVAILABILITY = YES_AGGRESSIVE;
				CODE_SIGN_ENTITLEMENTS = WidgetWriteDiaryExtension.entitlements;
				CODE_SIGN_IDENTITY = "Apple Development";
				CODE_SIGN_STYLE = Automatic;
				CURRENT_PROJECT_VERSION = 4;
				DEBUG_INFORMATION_FORMAT = dwarf;
				DEVELOPMENT_TEAM = TM56PYA695;
				GCC_C_LANGUAGE_STANDARD = gnu11;
				INFOPLIST_FILE = WidgetWriteDiary/Info.plist;
				IPHONEOS_DEPLOYMENT_TARGET = 14.0;
				LD_RUNPATH_SEARCH_PATHS = (
					"$(inherited)",
					"@executable_path/Frameworks",
					"@executable_path/../../Frameworks",
				);
				LIBRARY_SEARCH_PATHS = (
					"\"$(TOOLCHAIN_DIR)/usr/lib/swift/$(PLATFORM_NAME)\"",
					"\"$(TOOLCHAIN_DIR)/usr/lib/swift-5.2/$(PLATFORM_NAME)\"",
					"\"$(inherited)\"",
				);
				MARKETING_VERSION = 1.1;
				MTL_ENABLE_DEBUG_INFO = INCLUDE_SOURCE;
				MTL_FAST_MATH = YES;
				PRODUCT_BUNDLE_IDENTIFIER = com.reactjs.native.example.ImaryProject.WidgetWriteDiary;
				PRODUCT_NAME = "$(TARGET_NAME)";
				PROVISIONING_PROFILE_SPECIFIER = "";
				SKIP_INSTALL = YES;
				SWIFT_ACTIVE_COMPILATION_CONDITIONS = DEBUG;
				SWIFT_OPTIMIZATION_LEVEL = "-Onone";
				SWIFT_VERSION = 5.0;
				TARGETED_DEVICE_FAMILY = "1,2";
			};
			name = Debug;
		};
		1A74CE2126C15C9E00DB26D5 /* Release */ = {
			isa = XCBuildConfiguration;
			buildSettings = {
				ASSETCATALOG_COMPILER_GLOBAL_ACCENT_COLOR_NAME = AccentColor;
				ASSETCATALOG_COMPILER_WIDGET_BACKGROUND_COLOR_NAME = WidgetBackground;
				CLANG_ANALYZER_NONNULL = YES;
				CLANG_ANALYZER_NUMBER_OBJECT_CONVERSION = YES_AGGRESSIVE;
				CLANG_CXX_LANGUAGE_STANDARD = "gnu++14";
				CLANG_ENABLE_OBJC_WEAK = YES;
				CLANG_WARN_DOCUMENTATION_COMMENTS = YES;
				CLANG_WARN_UNGUARDED_AVAILABILITY = YES_AGGRESSIVE;
				CODE_SIGN_ENTITLEMENTS = WidgetWriteDiaryExtension.entitlements;
				CODE_SIGN_IDENTITY = "Apple Development";
				CODE_SIGN_STYLE = Automatic;
				COPY_PHASE_STRIP = NO;
				CURRENT_PROJECT_VERSION = 4;
				DEBUG_INFORMATION_FORMAT = "dwarf-with-dsym";
				DEVELOPMENT_TEAM = TM56PYA695;
				GCC_C_LANGUAGE_STANDARD = gnu11;
				INFOPLIST_FILE = WidgetWriteDiary/Info.plist;
				IPHONEOS_DEPLOYMENT_TARGET = 14.0;
				LD_RUNPATH_SEARCH_PATHS = (
					"$(inherited)",
					"@executable_path/Frameworks",
					"@executable_path/../../Frameworks",
				);
				LIBRARY_SEARCH_PATHS = (
					"\"$(TOOLCHAIN_DIR)/usr/lib/swift/$(PLATFORM_NAME)\"",
					"\"$(TOOLCHAIN_DIR)/usr/lib/swift-5.2/$(PLATFORM_NAME)\"",
					"\"$(inherited)\"",
				);
				MARKETING_VERSION = 1.1;
				MTL_FAST_MATH = YES;
				PRODUCT_BUNDLE_IDENTIFIER = com.reactjs.native.example.ImaryProject.WidgetWriteDiary;
				PRODUCT_NAME = "$(TARGET_NAME)";
				PROVISIONING_PROFILE_SPECIFIER = "";
				SKIP_INSTALL = YES;
				SWIFT_COMPILATION_MODE = wholemodule;
				SWIFT_OPTIMIZATION_LEVEL = "-O";
				SWIFT_VERSION = 5.0;
				TARGETED_DEVICE_FAMILY = "1,2";
			};
			name = Release;
		};
		83CBBA201A601CBA00E9B192 /* Debug */ = {
			isa = XCBuildConfiguration;
			buildSettings = {
				ALWAYS_SEARCH_USER_PATHS = NO;
				CLANG_ANALYZER_LOCALIZABILITY_NONLOCALIZED = YES;
				CLANG_CXX_LANGUAGE_STANDARD = "gnu++0x";
				CLANG_CXX_LIBRARY = "libc++";
				CLANG_ENABLE_MODULES = YES;
				CLANG_ENABLE_OBJC_ARC = YES;
				CLANG_WARN_BLOCK_CAPTURE_AUTORELEASING = YES;
				CLANG_WARN_BOOL_CONVERSION = YES;
				CLANG_WARN_COMMA = YES;
				CLANG_WARN_CONSTANT_CONVERSION = YES;
				CLANG_WARN_DEPRECATED_OBJC_IMPLEMENTATIONS = YES;
				CLANG_WARN_DIRECT_OBJC_ISA_USAGE = YES_ERROR;
				CLANG_WARN_EMPTY_BODY = YES;
				CLANG_WARN_ENUM_CONVERSION = YES;
				CLANG_WARN_INFINITE_RECURSION = YES;
				CLANG_WARN_INT_CONVERSION = YES;
				CLANG_WARN_NON_LITERAL_NULL_CONVERSION = YES;
				CLANG_WARN_OBJC_IMPLICIT_RETAIN_SELF = YES;
				CLANG_WARN_OBJC_LITERAL_CONVERSION = YES;
				CLANG_WARN_OBJC_ROOT_CLASS = YES_ERROR;
				CLANG_WARN_QUOTED_INCLUDE_IN_FRAMEWORK_HEADER = YES;
				CLANG_WARN_RANGE_LOOP_ANALYSIS = YES;
				CLANG_WARN_STRICT_PROTOTYPES = YES;
				CLANG_WARN_SUSPICIOUS_MOVE = YES;
				CLANG_WARN_UNREACHABLE_CODE = YES;
				CLANG_WARN__DUPLICATE_METHOD_MATCH = YES;
				"CODE_SIGN_IDENTITY[sdk=iphoneos*]" = "iPhone Developer";
				COPY_PHASE_STRIP = NO;
				ENABLE_STRICT_OBJC_MSGSEND = YES;
				ENABLE_TESTABILITY = YES;
				"EXCLUDED_ARCHS[sdk=iphonesimulator*]" = "arm64 ";
				GCC_C_LANGUAGE_STANDARD = gnu99;
				GCC_DYNAMIC_NO_PIC = NO;
				GCC_NO_COMMON_BLOCKS = YES;
				GCC_OPTIMIZATION_LEVEL = 0;
				GCC_PREPROCESSOR_DEFINITIONS = (
					"DEBUG=1",
					"$(inherited)",
				);
				GCC_SYMBOLS_PRIVATE_EXTERN = NO;
				GCC_WARN_64_TO_32_BIT_CONVERSION = YES;
				GCC_WARN_ABOUT_RETURN_TYPE = YES_ERROR;
				GCC_WARN_UNDECLARED_SELECTOR = YES;
				GCC_WARN_UNINITIALIZED_AUTOS = YES_AGGRESSIVE;
				GCC_WARN_UNUSED_FUNCTION = YES;
				GCC_WARN_UNUSED_VARIABLE = YES;
				HEADER_SEARCH_PATHS = "$(SRCROOT)/../node_modules/react-native/Libraries/LinkingIOS";
				IPHONEOS_DEPLOYMENT_TARGET = 12.0;
				LD_RUNPATH_SEARCH_PATHS = (
					/usr/lib/swift,
					"$(inherited)",
				);
				LIBRARY_SEARCH_PATHS = (
					"\"$(TOOLCHAIN_DIR)/usr/lib/swift/$(PLATFORM_NAME)\"",
					"\"$(inherited)\"",
				);
				MTL_ENABLE_DEBUG_INFO = YES;
				ONLY_ACTIVE_ARCH = YES;
				PRESERVE_DEAD_CODE_INITS_AND_TERMS = YES;
				SDKROOT = iphoneos;
			};
			name = Debug;
		};
		83CBBA211A601CBA00E9B192 /* Release */ = {
			isa = XCBuildConfiguration;
			buildSettings = {
				ALWAYS_SEARCH_USER_PATHS = NO;
				CLANG_ANALYZER_LOCALIZABILITY_NONLOCALIZED = YES;
				CLANG_CXX_LANGUAGE_STANDARD = "gnu++0x";
				CLANG_CXX_LIBRARY = "libc++";
				CLANG_ENABLE_MODULES = YES;
				CLANG_ENABLE_OBJC_ARC = YES;
				CLANG_WARN_BLOCK_CAPTURE_AUTORELEASING = YES;
				CLANG_WARN_BOOL_CONVERSION = YES;
				CLANG_WARN_COMMA = YES;
				CLANG_WARN_CONSTANT_CONVERSION = YES;
				CLANG_WARN_DEPRECATED_OBJC_IMPLEMENTATIONS = YES;
				CLANG_WARN_DIRECT_OBJC_ISA_USAGE = YES_ERROR;
				CLANG_WARN_EMPTY_BODY = YES;
				CLANG_WARN_ENUM_CONVERSION = YES;
				CLANG_WARN_INFINITE_RECURSION = YES;
				CLANG_WARN_INT_CONVERSION = YES;
				CLANG_WARN_NON_LITERAL_NULL_CONVERSION = YES;
				CLANG_WARN_OBJC_IMPLICIT_RETAIN_SELF = YES;
				CLANG_WARN_OBJC_LITERAL_CONVERSION = YES;
				CLANG_WARN_OBJC_ROOT_CLASS = YES_ERROR;
				CLANG_WARN_QUOTED_INCLUDE_IN_FRAMEWORK_HEADER = YES;
				CLANG_WARN_RANGE_LOOP_ANALYSIS = YES;
				CLANG_WARN_STRICT_PROTOTYPES = YES;
				CLANG_WARN_SUSPICIOUS_MOVE = YES;
				CLANG_WARN_UNREACHABLE_CODE = YES;
				CLANG_WARN__DUPLICATE_METHOD_MATCH = YES;
				"CODE_SIGN_IDENTITY[sdk=iphoneos*]" = "iPhone Developer";
				COPY_PHASE_STRIP = YES;
				ENABLE_NS_ASSERTIONS = NO;
				ENABLE_STRICT_OBJC_MSGSEND = YES;
				"EXCLUDED_ARCHS[sdk=iphonesimulator*]" = "arm64 ";
				GCC_C_LANGUAGE_STANDARD = gnu99;
				GCC_NO_COMMON_BLOCKS = YES;
				GCC_WARN_64_TO_32_BIT_CONVERSION = YES;
				GCC_WARN_ABOUT_RETURN_TYPE = YES_ERROR;
				GCC_WARN_UNDECLARED_SELECTOR = YES;
				GCC_WARN_UNINITIALIZED_AUTOS = YES_AGGRESSIVE;
				GCC_WARN_UNUSED_FUNCTION = YES;
				GCC_WARN_UNUSED_VARIABLE = YES;
				HEADER_SEARCH_PATHS = "$(SRCROOT)/../node_modules/react-native/Libraries/LinkingIOS";
				IPHONEOS_DEPLOYMENT_TARGET = 12.0;
				LD_RUNPATH_SEARCH_PATHS = (
					/usr/lib/swift,
					"$(inherited)",
				);
				LIBRARY_SEARCH_PATHS = (
					"\"$(TOOLCHAIN_DIR)/usr/lib/swift/$(PLATFORM_NAME)\"",
					"\"$(inherited)\"",
				);
				MTL_ENABLE_DEBUG_INFO = NO;
				ONLY_ACTIVE_ARCH = NO;
				PRESERVE_DEAD_CODE_INITS_AND_TERMS = YES;
				SDKROOT = iphoneos;
				SWIFT_COMPILATION_MODE = wholemodule;
				VALIDATE_PRODUCT = YES;
			};
			name = Release;
		};
/* End XCBuildConfiguration section */

/* Begin XCConfigurationList section */
		00E357021AD99517003FC87E /* Build configuration list for PBXNativeTarget "ImaryProjectTests" */ = {
			isa = XCConfigurationList;
			buildConfigurations = (
				00E356F61AD99517003FC87E /* Debug */,
				00E356F71AD99517003FC87E /* Release */,
			);
			defaultConfigurationIsVisible = 0;
			defaultConfigurationName = Debug;
		};
		13B07F931A680F5B00A75B9A /* Build configuration list for PBXNativeTarget "ImaryProject" */ = {
			isa = XCConfigurationList;
			buildConfigurations = (
				13B07F941A680F5B00A75B9A /* Debug */,
				13B07F951A680F5B00A75B9A /* Release */,
			);
			defaultConfigurationIsVisible = 0;
			defaultConfigurationName = Debug;
		};
		1A07A6E726CAAF1D00C4F1A6 /* Build configuration list for PBXNativeTarget "WidgetCameraDiaryExtension" */ = {
			isa = XCConfigurationList;
			buildConfigurations = (
				1A07A6E526CAAF1D00C4F1A6 /* Debug */,
				1A07A6E626CAAF1D00C4F1A6 /* Release */,
			);
			defaultConfigurationIsVisible = 0;
			defaultConfigurationName = Debug;
		};
		1A74CE2226C15C9E00DB26D5 /* Build configuration list for PBXNativeTarget "WidgetWriteDiaryExtension" */ = {
			isa = XCConfigurationList;
			buildConfigurations = (
				1A74CE2026C15C9E00DB26D5 /* Debug */,
				1A74CE2126C15C9E00DB26D5 /* Release */,
			);
			defaultConfigurationIsVisible = 0;
			defaultConfigurationName = Debug;
		};
		83CBB9FA1A601CBA00E9B192 /* Build configuration list for PBXProject "ImaryProject" */ = {
			isa = XCConfigurationList;
			buildConfigurations = (
				83CBBA201A601CBA00E9B192 /* Debug */,
				83CBBA211A601CBA00E9B192 /* Release */,
			);
			defaultConfigurationIsVisible = 0;
			defaultConfigurationName = Debug;
		};
/* End XCConfigurationList section */
	};
	rootObject = 83CBB9F71A601CBA00E9B192 /* Project object */;
}
